
Microsoft Visual Studio Solution File, Format Version 12.00
# Visual Studio 15
VisualStudioVersion = 15.0.27130.2020
MinimumVisualStudioVersion = 10.0.40219.1
Project("{9A19103F-16F7-4668-BE54-9A1E7A4F7556}") = "api-core", "api-core\api-core.csproj", "{5CBA21B4-52B2-4728-BAFC-9C695E035321}"
EndProject
Project("{9A19103F-16F7-4668-BE54-9A1E7A4F7556}") = "api-core-app", "api-core-app\api-core-app.csproj", "{5965D8EB-CAA3-4499-9F58-ED2EEE06B21C}"
EndProject
Project("{9A19103F-16F7-4668-BE54-9A1E7A4F7556}") = "api-core-app-test", "api-core-app-test\api-core-app-test.csproj", "{F72A9BC2-AD79-4E26-825F-C10FE3A83D21}"
EndProject
Project("{2150E333-8FDC-42A3-9474-1A3956D46DE8}") = "Clients", "Clients", "{0988FB18-20DC-4F50-B707-5CC6FFF79E62}"
EndProject
Project("{FAE04EC0-301F-11D3-BF4B-00C04F79EFBC}") = "api-core-console-client", "api-core-console-client\api-core-console-client.csproj", "{99185E50-405A-450A-A35A-46EBE6DEC72B}"
EndProject
Project("{FAE04EC0-301F-11D3-BF4B-00C04F79EFBC}") = "api-core-domain", "api-core-domain\api-core-domain.csproj", "{D141DF9E-800D-433D-8D45-0B5C3DC0DDD1}"
EndProject
Project("{FAE04EC0-301F-11D3-BF4B-00C04F79EFBC}") = "api-core-domain-goodmanga", "api-core-domain-goodmanga\api-core-domain-goodmanga.csproj", "{1E73DFDC-20EC-43C6-83B8-82FCE350D24F}"
EndProject
Global
	GlobalSection(SolutionConfigurationPlatforms) = preSolution
		Debug|Any CPU = Debug|Any CPU
		Release|Any CPU = Release|Any CPU
	EndGlobalSection
	GlobalSection(ProjectConfigurationPlatforms) = postSolution
		{5CBA21B4-52B2-4728-BAFC-9C695E035321}.Debug|Any CPU.ActiveCfg = Debug|Any CPU
		{5CBA21B4-52B2-4728-BAFC-9C695E035321}.Debug|Any CPU.Build.0 = Debug|Any CPU
		{5CBA21B4-52B2-4728-BAFC-9C695E035321}.Release|Any CPU.ActiveCfg = Release|Any CPU
		{5CBA21B4-52B2-4728-BAFC-9C695E035321}.Release|Any CPU.Build.0 = Release|Any CPU
		{5965D8EB-CAA3-4499-9F58-ED2EEE06B21C}.Debug|Any CPU.ActiveCfg = Debug|Any CPU
		{5965D8EB-CAA3-4499-9F58-ED2EEE06B21C}.Debug|Any CPU.Build.0 = Debug|Any CPU
		{5965D8EB-CAA3-4499-9F58-ED2EEE06B21C}.Release|Any CPU.ActiveCfg = Release|Any CPU
		{5965D8EB-CAA3-4499-9F58-ED2EEE06B21C}.Release|Any CPU.Build.0 = Release|Any CPU
		{F72A9BC2-AD79-4E26-825F-C10FE3A83D21}.Debug|Any CPU.ActiveCfg = Debug|Any CPU
		{F72A9BC2-AD79-4E26-825F-C10FE3A83D21}.Debug|Any CPU.Build.0 = Debug|Any CPU
		{F72A9BC2-AD79-4E26-825F-C10FE3A83D21}.Release|Any CPU.ActiveCfg = Release|Any CPU
		{F72A9BC2-AD79-4E26-825F-C10FE3A83D21}.Release|Any CPU.Build.0 = Release|Any CPU
		{99185E50-405A-450A-A35A-46EBE6DEC72B}.Debug|Any CPU.ActiveCfg = Debug|Any CPU
		{99185E50-405A-450A-A35A-46EBE6DEC72B}.Debug|Any CPU.Build.0 = Debug|Any CPU
		{99185E50-405A-450A-A35A-46EBE6DEC72B}.Release|Any CPU.ActiveCfg = Release|Any CPU
		{99185E50-405A-450A-A35A-46EBE6DEC72B}.Release|Any CPU.Build.0 = Release|Any CPU
		{D141DF9E-800D-433D-8D45-0B5C3DC0DDD1}.Debug|Any CPU.ActiveCfg = Debug|Any CPU
		{D141DF9E-800D-433D-8D45-0B5C3DC0DDD1}.Debug|Any CPU.Build.0 = Debug|Any CPU
		{D141DF9E-800D-433D-8D45-0B5C3DC0DDD1}.Release|Any CPU.ActiveCfg = Release|Any CPU
		{D141DF9E-800D-433D-8D45-0B5C3DC0DDD1}.Release|Any CPU.Build.0 = Release|Any CPU
		{1E73DFDC-20EC-43C6-83B8-82FCE350D24F}.Debug|Any CPU.ActiveCfg = Debug|Any CPU
		{1E73DFDC-20EC-43C6-83B8-82FCE350D24F}.Debug|Any CPU.Build.0 = Debug|Any CPU
		{1E73DFDC-20EC-43C6-83B8-82FCE350D24F}.Release|Any CPU.ActiveCfg = Release|Any CPU
		{1E73DFDC-20EC-43C6-83B8-82FCE350D24F}.Release|Any CPU.Build.0 = Release|Any CPU
	EndGlobalSection
	GlobalSection(SolutionProperties) = preSolution
		HideSolutionNode = FALSE
	EndGlobalSection
	GlobalSection(NestedProjects) = preSolution
		{99185E50-405A-450A-A35A-46EBE6DEC72B} = {0988FB18-20DC-4F50-B707-5CC6FFF79E62}
	EndGlobalSection
	GlobalSection(ExtensibilityGlobals) = postSolution
		SolutionGuid = {307F4809-FC1A-4A4D-8BC1-1DBB07D9F38C}
	EndGlobalSection
EndGlobal
